
Microsoft Visual Studio Solution File, Format Version 12.00
# Visual Studio 15
VisualStudioVersion = 15.0.27428.2005
MinimumVisualStudioVersion = 10.0.40219.1
Project("{FAE04EC0-301F-11D3-BF4B-00C04F79EFBC}") = "MultiPurpose", "MultiPurpose\MultiPurpose.csproj", "{A7CF8440-415F-468E-B592-E4D134920379}"
EndProject
Global
	GlobalSection(SolutionConfigurationPlatforms) = preSolution
		Debug|Any CPU = Debug|Any CPU
		Release|Any CPU = Release|Any CPU
	EndGlobalSection
	GlobalSection(ProjectConfigurationPlatforms) = postSolution
		{A7CF8440-415F-468E-B592-E4D134920379}.Debug|Any CPU.ActiveCfg = Debug|Any CPU
		{A7CF8440-415F-468E-B592-E4D134920379}.Debug|Any CPU.Build.0 = Debug|Any CPU
		{A7CF8440-415F-468E-B592-E4D134920379}.Release|Any CPU.ActiveCfg = Release|Any CPU
		{A7CF8440-415F-468E-B592-E4D134920379}.Release|Any CPU.Build.0 = Release|Any CPU
	EndGlobalSection
	GlobalSection(SolutionProperties) = preSolution
		HideSolutionNode = FALSE
	EndGlobalSection
	GlobalSection(ExtensibilityGlobals) = postSolution
		SolutionGuid = {BFEF8240-54F4-4314-89C2-912275B3F7E4}
	EndGlobalSection
EndGlobal
